{
    "_meta": {
        "hash": {
            "sha256": "0b38d4a0c9a34466651613a8fa6ec969bf0e911b6a4b295d82154ca8232da3f8"
        },
        "pipfile-spec": 6,
        "requires": {
            "python_version": "3.8"
        },
        "sources": [
            {
                "name": "pypi",
                "url": "https://pypi.org/simple",
                "verify_ssl": true
            }
        ]
    },
    "default": {
        "colorama": {
            "hashes": [
                "sha256:7d73d2a99753107a36ac6b455ee49046802e59d9d076ef8e47b61499fa29afff",
                "sha256:e96da0d330793e2cb9485e9ddfd918d456036c7149416295932478192f4436a1"
            ],
            "index": "pypi",
            "version": "==0.4.3"
        },
        "netfilterqueue": {
            "hashes": [
                "sha256:beda851dfb8f3199f716e246c4cfd2c8492f7cdce32a03613c7eeab152e0a4a6"
            ],
            "index": "pypi",
            "version": "==0.8.1"
        },
        "scapy": {
            "hashes": [
                "sha256:e2f8d11f6a941c14a789ae8b236b27bd634681f1b29b5e893861e284d234f6b0"
            ],
            "index": "pypi",
            "version": "==2.4.3"
        }
    },
    "develop": {}
}
