{
    "_meta": {
        "hash": {
            "sha256": "acf8b12395df274aa61f7406674bfdb06e7fcf0c2a4b36553ed222274dd7647f"
        },
        "pipfile-spec": 6,
        "requires": {
            "python_version": "3.8"
        },
        "sources": [
            {
                "name": "pypi",
                "url": "https://pypi.org/simple",
                "verify_ssl": true
            }
        ]
    },
    "default": {
        "argparse": {
            "hashes": [
                "sha256:62b089a55be1d8949cd2bc7e0df0bddb9e028faefc8c32038cc84862aefdd6e4",
                "sha256:c31647edb69fd3d465a847ea3157d37bed1f95f19760b11a47aa91c04b666314"
            ],
            "index": "pypi",
            "version": "==1.4.0"
        },
        "scapy": {
            "hashes": [
                "sha256:e2f8d11f6a941c14a789ae8b236b27bd634681f1b29b5e893861e284d234f6b0"
            ],
            "index": "pypi",
            "version": "==2.4.3"
        }
    },
    "develop": {}
}
